# THIS IS AN AUTOGENERATED FILE. DO NOT EDIT THIS FILE DIRECTLY.
# yarn lockfile v1


pre-commit-lcodej@^0.1.0:
  version "0.1.0"
  resolved "https://registry.yarnpkg.com/pre-commit-lcodej/-/pre-commit-lcodej-0.1.0.tgz#8291e3ea33af2976865c9f0e351ffdb30d46d1c2"
  integrity sha512-QPglzmqgO3csFlty6tDhc9C89QG88yq11YIpHoWLOsS/eEuoicmtC9NJqh771TBHj+JmYMYPcGpf5IXCufcqvQ==
